{
  "name": "create-kerf-component",
  "version": "0.15.1",
  "lockfileVersion": 3,
  "requires": true,
  "packages": {
    "": {
      "name": "create-kerf-component",
      "version": "0.15.1",
      "license": "MIT",
      "bin": {
        "create-kerf-component": "index.js"
      },
      "engines": {
        "node": ">=18.0.0"
      }
    }
  }
}
